
Microsoft Visual Studio Solution File, Format Version 12.00
# Visual Studio Version 17
VisualStudioVersion = 17.14.36301.6 d17.14
MinimumVisualStudioVersion = 10.0.40219.1
Project("{FAE04EC0-301F-11D3-BF4B-00C04F79EFBC}") = "treino", "treino.csproj", "{0E5C5CD3-F150-478C-89D0-9DADE9BB66A8}"
EndProject
Global
	GlobalSection(SolutionConfigurationPlatforms) = preSolution
		Debug|Any CPU = Debug|Any CPU
		Release|Any CPU = Release|Any CPU
	EndGlobalSection
	GlobalSection(ProjectConfigurationPlatforms) = postSolution
		{0E5C5CD3-F150-478C-89D0-9DADE9BB66A8}.Debug|Any CPU.ActiveCfg = Debug|Any CPU
		{0E5C5CD3-F150-478C-89D0-9DADE9BB66A8}.Debug|Any CPU.Build.0 = Debug|Any CPU
		{0E5C5CD3-F150-478C-89D0-9DADE9BB66A8}.Release|Any CPU.ActiveCfg = Release|Any CPU
		{0E5C5CD3-F150-478C-89D0-9DADE9BB66A8}.Release|Any CPU.Build.0 = Release|Any CPU
	EndGlobalSection
	GlobalSection(SolutionProperties) = preSolution
		HideSolutionNode = FALSE
	EndGlobalSection
	GlobalSection(ExtensibilityGlobals) = postSolution
		SolutionGuid = {D83DEEE8-D654-4AEF-BADD-55B69E096238}
	EndGlobalSection
EndGlobal
