
Microsoft Visual Studio Solution File, Format Version 12.00
# Visual Studio Version 17
VisualStudioVersion = 17.13.35806.99 d17.13
MinimumVisualStudioVersion = 10.0.40219.1
Project("{FAE04EC0-301F-11D3-BF4B-00C04F79EFBC}") = "exer_Abstrato_Heranca_Interface", "exer_Abstrato_Heranca_Interface.csproj", "{A4FFB57C-D9B7-4E17-B128-8B6B013CA4B8}"
EndProject
Global
	GlobalSection(SolutionConfigurationPlatforms) = preSolution
		Debug|Any CPU = Debug|Any CPU
		Release|Any CPU = Release|Any CPU
	EndGlobalSection
	GlobalSection(ProjectConfigurationPlatforms) = postSolution
		{A4FFB57C-D9B7-4E17-B128-8B6B013CA4B8}.Debug|Any CPU.ActiveCfg = Debug|Any CPU
		{A4FFB57C-D9B7-4E17-B128-8B6B013CA4B8}.Debug|Any CPU.Build.0 = Debug|Any CPU
		{A4FFB57C-D9B7-4E17-B128-8B6B013CA4B8}.Release|Any CPU.ActiveCfg = Release|Any CPU
		{A4FFB57C-D9B7-4E17-B128-8B6B013CA4B8}.Release|Any CPU.Build.0 = Release|Any CPU
	EndGlobalSection
	GlobalSection(SolutionProperties) = preSolution
		HideSolutionNode = FALSE
	EndGlobalSection
	GlobalSection(ExtensibilityGlobals) = postSolution
		SolutionGuid = {D2BD638E-29F4-46D0-A2EE-D3CE47EA4597}
	EndGlobalSection
EndGlobal
