
Microsoft Visual Studio Solution File, Format Version 12.00
# Visual Studio Version 17
VisualStudioVersion = 17.13.35806.99 d17.13
MinimumVisualStudioVersion = 10.0.40219.1
Project("{FAE04EC0-301F-11D3-BF4B-00C04F79EFBC}") = "TREINO", "TREINO.csproj", "{B220AA32-C50A-4D87-9924-092A7DF7782C}"
EndProject
Global
	GlobalSection(SolutionConfigurationPlatforms) = preSolution
		Debug|Any CPU = Debug|Any CPU
		Release|Any CPU = Release|Any CPU
	EndGlobalSection
	GlobalSection(ProjectConfigurationPlatforms) = postSolution
		{B220AA32-C50A-4D87-9924-092A7DF7782C}.Debug|Any CPU.ActiveCfg = Debug|Any CPU
		{B220AA32-C50A-4D87-9924-092A7DF7782C}.Debug|Any CPU.Build.0 = Debug|Any CPU
		{B220AA32-C50A-4D87-9924-092A7DF7782C}.Release|Any CPU.ActiveCfg = Release|Any CPU
		{B220AA32-C50A-4D87-9924-092A7DF7782C}.Release|Any CPU.Build.0 = Release|Any CPU
	EndGlobalSection
	GlobalSection(SolutionProperties) = preSolution
		HideSolutionNode = FALSE
	EndGlobalSection
	GlobalSection(ExtensibilityGlobals) = postSolution
		SolutionGuid = {07C1B845-A6B2-44F1-980F-17BD460E0160}
	EndGlobalSection
EndGlobal
