
Microsoft Visual Studio Solution File, Format Version 12.00
# Visual Studio Version 17
VisualStudioVersion = 17.13.35806.99 d17.13
MinimumVisualStudioVersion = 10.0.40219.1
Project("{FAE04EC0-301F-11D3-BF4B-00C04F79EFBC}") = "exer_polimorfismo_EmpresaFuncionarios", "exer_polimorfismo_EmpresaFuncionarios.csproj", "{2C0CEA9E-867E-4631-A8E2-0CB0E5BBB071}"
EndProject
Global
	GlobalSection(SolutionConfigurationPlatforms) = preSolution
		Debug|Any CPU = Debug|Any CPU
		Release|Any CPU = Release|Any CPU
	EndGlobalSection
	GlobalSection(ProjectConfigurationPlatforms) = postSolution
		{2C0CEA9E-867E-4631-A8E2-0CB0E5BBB071}.Debug|Any CPU.ActiveCfg = Debug|Any CPU
		{2C0CEA9E-867E-4631-A8E2-0CB0E5BBB071}.Debug|Any CPU.Build.0 = Debug|Any CPU
		{2C0CEA9E-867E-4631-A8E2-0CB0E5BBB071}.Release|Any CPU.ActiveCfg = Release|Any CPU
		{2C0CEA9E-867E-4631-A8E2-0CB0E5BBB071}.Release|Any CPU.Build.0 = Release|Any CPU
	EndGlobalSection
	GlobalSection(SolutionProperties) = preSolution
		HideSolutionNode = FALSE
	EndGlobalSection
	GlobalSection(ExtensibilityGlobals) = postSolution
		SolutionGuid = {C48A6238-4BB7-4D28-87D9-01BB29D16658}
	EndGlobalSection
EndGlobal
